
Microsoft Visual Studio Solution File, Format Version 12.00
# Visual Studio Version 17
VisualStudioVersion = 17.2.32516.85
MinimumVisualStudioVersion = 10.0.40219.1
Project("{2150E333-8FDC-42A3-9474-1A3956D46DE8}") = "Auth", "Auth", "{A72EC130-DFF7-46EC-9BE9-E6F76C4804C6}"
EndProject
Project("{2150E333-8FDC-42A3-9474-1A3956D46DE8}") = "Chatroom", "Chatroom", "{63ADF666-E786-479C-868A-3D9C86655C32}"
EndProject
Project("{2150E333-8FDC-42A3-9474-1A3956D46DE8}") = "src", "src", "{2B7783FC-540D-4E7F-808E-786A608641D9}"
EndProject
Project("{2150E333-8FDC-42A3-9474-1A3956D46DE8}") = "src", "src", "{D693F7E7-D7C3-44CA-8CCA-EAC9D54ACADD}"
EndProject
Project("{9A19103F-16F7-4668-BE54-9A1E7A4F7556}") = "CodeChallenge.Chatroom.Api", "CodeChallenge.Chatroom\src\CodeChallenge.Chatroom.Api\CodeChallenge.Chatroom.Api.csproj", "{F4130DAD-7FA4-458E-803B-2FB9A8F6E2C3}"
EndProject
Project("{9A19103F-16F7-4668-BE54-9A1E7A4F7556}") = "CodeChallenge.Chatroom.Core", "CodeChallenge.Chatroom\src\CodeChallenge.Chatroom.Core\CodeChallenge.Chatroom.Core.csproj", "{1D0B678A-E5D4-4E4A-B7C8-6DA7A0071744}"
EndProject
Project("{9A19103F-16F7-4668-BE54-9A1E7A4F7556}") = "CodeChallenge.Chatroom.Infra.Data", "CodeChallenge.Chatroom\src\CodeChallenge.Chatroom.Infra.Data\CodeChallenge.Chatroom.Infra.Data.csproj", "{1F0F636F-DBC6-4A7B-972A-FAAF22CB63E6}"
EndProject
Project("{9A19103F-16F7-4668-BE54-9A1E7A4F7556}") = "CodeChallenge.Chatroom.Test.UseCase", "CodeChallenge.Chatroom\src\CodeChallenge.Chatroom.Test.UseCase\CodeChallenge.Chatroom.Test.UseCase.csproj", "{73DBFAA8-FFF0-4D03-B212-0CD40F240235}"
EndProject
Project("{9A19103F-16F7-4668-BE54-9A1E7A4F7556}") = "CodeChallenge.Auth.Admin", "CodeChallenge.Auth\src\CodeChallenge.Auth.Admin\CodeChallenge.Auth.Admin.csproj", "{4DDE3344-A957-4330-B3AB-3203C4B1EF8C}"
EndProject
Project("{9A19103F-16F7-4668-BE54-9A1E7A4F7556}") = "CodeChallenge.Auth.Admin.Api", "CodeChallenge.Auth\src\CodeChallenge.Auth.Admin.Api\CodeChallenge.Auth.Admin.Api.csproj", "{BDDC8762-5A2E-46B2-B4AA-BA587595C20E}"
EndProject
Project("{9A19103F-16F7-4668-BE54-9A1E7A4F7556}") = "CodeChallenge.Auth.Admin.EntityFramework.MySql", "CodeChallenge.Auth\src\CodeChallenge.Auth.Admin.EntityFramework.MySql\CodeChallenge.Auth.Admin.EntityFramework.MySql.csproj", "{E356CA5F-8359-41A1-A121-64B246FE56C0}"
EndProject
Project("{9A19103F-16F7-4668-BE54-9A1E7A4F7556}") = "CodeChallenge.Auth.Admin.EntityFramework.PostgreSQL", "CodeChallenge.Auth\src\CodeChallenge.Auth.Admin.EntityFramework.PostgreSQL\CodeChallenge.Auth.Admin.EntityFramework.PostgreSQL.csproj", "{D40C7CBB-CFCF-48D4-8470-A6441C67C672}"
EndProject
Project("{9A19103F-16F7-4668-BE54-9A1E7A4F7556}") = "CodeChallenge.Auth.Admin.EntityFramework.Shared", "CodeChallenge.Auth\src\CodeChallenge.Auth.Admin.EntityFramework.Shared\CodeChallenge.Auth.Admin.EntityFramework.Shared.csproj", "{7F78543B-53FB-4A1C-BBBA-019BA469DDE9}"
EndProject
Project("{9A19103F-16F7-4668-BE54-9A1E7A4F7556}") = "CodeChallenge.Auth.Admin.EntityFramework.SqlServer", "CodeChallenge.Auth\src\CodeChallenge.Auth.Admin.EntityFramework.SqlServer\CodeChallenge.Auth.Admin.EntityFramework.SqlServer.csproj", "{F9FBBE42-D875-4CC6-8A6A-E90F322E839B}"
EndProject
Project("{9A19103F-16F7-4668-BE54-9A1E7A4F7556}") = "CodeChallenge.Auth.Shared", "CodeChallenge.Auth\src\CodeChallenge.Auth.Shared\CodeChallenge.Auth.Shared.csproj", "{54B0AB27-5638-4C20-A100-E2E3729247CB}"
EndProject
Project("{9A19103F-16F7-4668-BE54-9A1E7A4F7556}") = "CodeChallenge.Auth.STS.Identity", "CodeChallenge.Auth\src\CodeChallenge.Auth.STS.Identity\CodeChallenge.Auth.STS.Identity.csproj", "{E08936E2-0096-4F07-9EC9-F8896CA4B264}"
EndProject
Global
	GlobalSection(SolutionConfigurationPlatforms) = preSolution
		Debug|Any CPU = Debug|Any CPU
		Release|Any CPU = Release|Any CPU
	EndGlobalSection
	GlobalSection(ProjectConfigurationPlatforms) = postSolution
		{F4130DAD-7FA4-458E-803B-2FB9A8F6E2C3}.Debug|Any CPU.ActiveCfg = Debug|Any CPU
		{F4130DAD-7FA4-458E-803B-2FB9A8F6E2C3}.Debug|Any CPU.Build.0 = Debug|Any CPU
		{F4130DAD-7FA4-458E-803B-2FB9A8F6E2C3}.Release|Any CPU.ActiveCfg = Release|Any CPU
		{F4130DAD-7FA4-458E-803B-2FB9A8F6E2C3}.Release|Any CPU.Build.0 = Release|Any CPU
		{1D0B678A-E5D4-4E4A-B7C8-6DA7A0071744}.Debug|Any CPU.ActiveCfg = Debug|Any CPU
		{1D0B678A-E5D4-4E4A-B7C8-6DA7A0071744}.Debug|Any CPU.Build.0 = Debug|Any CPU
		{1D0B678A-E5D4-4E4A-B7C8-6DA7A0071744}.Release|Any CPU.ActiveCfg = Release|Any CPU
		{1D0B678A-E5D4-4E4A-B7C8-6DA7A0071744}.Release|Any CPU.Build.0 = Release|Any CPU
		{1F0F636F-DBC6-4A7B-972A-FAAF22CB63E6}.Debug|Any CPU.ActiveCfg = Debug|Any CPU
		{1F0F636F-DBC6-4A7B-972A-FAAF22CB63E6}.Debug|Any CPU.Build.0 = Debug|Any CPU
		{1F0F636F-DBC6-4A7B-972A-FAAF22CB63E6}.Release|Any CPU.ActiveCfg = Release|Any CPU
		{1F0F636F-DBC6-4A7B-972A-FAAF22CB63E6}.Release|Any CPU.Build.0 = Release|Any CPU
		{73DBFAA8-FFF0-4D03-B212-0CD40F240235}.Debug|Any CPU.ActiveCfg = Debug|Any CPU
		{73DBFAA8-FFF0-4D03-B212-0CD40F240235}.Debug|Any CPU.Build.0 = Debug|Any CPU
		{73DBFAA8-FFF0-4D03-B212-0CD40F240235}.Release|Any CPU.ActiveCfg = Release|Any CPU
		{73DBFAA8-FFF0-4D03-B212-0CD40F240235}.Release|Any CPU.Build.0 = Release|Any CPU
		{4DDE3344-A957-4330-B3AB-3203C4B1EF8C}.Debug|Any CPU.ActiveCfg = Debug|Any CPU
		{4DDE3344-A957-4330-B3AB-3203C4B1EF8C}.Debug|Any CPU.Build.0 = Debug|Any CPU
		{4DDE3344-A957-4330-B3AB-3203C4B1EF8C}.Release|Any CPU.ActiveCfg = Release|Any CPU
		{4DDE3344-A957-4330-B3AB-3203C4B1EF8C}.Release|Any CPU.Build.0 = Release|Any CPU
		{BDDC8762-5A2E-46B2-B4AA-BA587595C20E}.Debug|Any CPU.ActiveCfg = Debug|Any CPU
		{BDDC8762-5A2E-46B2-B4AA-BA587595C20E}.Debug|Any CPU.Build.0 = Debug|Any CPU
		{BDDC8762-5A2E-46B2-B4AA-BA587595C20E}.Release|Any CPU.ActiveCfg = Release|Any CPU
		{BDDC8762-5A2E-46B2-B4AA-BA587595C20E}.Release|Any CPU.Build.0 = Release|Any CPU
		{E356CA5F-8359-41A1-A121-64B246FE56C0}.Debug|Any CPU.ActiveCfg = Debug|Any CPU
		{E356CA5F-8359-41A1-A121-64B246FE56C0}.Debug|Any CPU.Build.0 = Debug|Any CPU
		{E356CA5F-8359-41A1-A121-64B246FE56C0}.Release|Any CPU.ActiveCfg = Release|Any CPU
		{E356CA5F-8359-41A1-A121-64B246FE56C0}.Release|Any CPU.Build.0 = Release|Any CPU
		{D40C7CBB-CFCF-48D4-8470-A6441C67C672}.Debug|Any CPU.ActiveCfg = Debug|Any CPU
		{D40C7CBB-CFCF-48D4-8470-A6441C67C672}.Debug|Any CPU.Build.0 = Debug|Any CPU
		{D40C7CBB-CFCF-48D4-8470-A6441C67C672}.Release|Any CPU.ActiveCfg = Release|Any CPU
		{D40C7CBB-CFCF-48D4-8470-A6441C67C672}.Release|Any CPU.Build.0 = Release|Any CPU
		{7F78543B-53FB-4A1C-BBBA-019BA469DDE9}.Debug|Any CPU.ActiveCfg = Debug|Any CPU
		{7F78543B-53FB-4A1C-BBBA-019BA469DDE9}.Debug|Any CPU.Build.0 = Debug|Any CPU
		{7F78543B-53FB-4A1C-BBBA-019BA469DDE9}.Release|Any CPU.ActiveCfg = Release|Any CPU
		{7F78543B-53FB-4A1C-BBBA-019BA469DDE9}.Release|Any CPU.Build.0 = Release|Any CPU
		{F9FBBE42-D875-4CC6-8A6A-E90F322E839B}.Debug|Any CPU.ActiveCfg = Debug|Any CPU
		{F9FBBE42-D875-4CC6-8A6A-E90F322E839B}.Debug|Any CPU.Build.0 = Debug|Any CPU
		{F9FBBE42-D875-4CC6-8A6A-E90F322E839B}.Release|Any CPU.ActiveCfg = Release|Any CPU
		{F9FBBE42-D875-4CC6-8A6A-E90F322E839B}.Release|Any CPU.Build.0 = Release|Any CPU
		{54B0AB27-5638-4C20-A100-E2E3729247CB}.Debug|Any CPU.ActiveCfg = Debug|Any CPU
		{54B0AB27-5638-4C20-A100-E2E3729247CB}.Debug|Any CPU.Build.0 = Debug|Any CPU
		{54B0AB27-5638-4C20-A100-E2E3729247CB}.Release|Any CPU.ActiveCfg = Release|Any CPU
		{54B0AB27-5638-4C20-A100-E2E3729247CB}.Release|Any CPU.Build.0 = Release|Any CPU
		{E08936E2-0096-4F07-9EC9-F8896CA4B264}.Debug|Any CPU.ActiveCfg = Debug|Any CPU
		{E08936E2-0096-4F07-9EC9-F8896CA4B264}.Debug|Any CPU.Build.0 = Debug|Any CPU
		{E08936E2-0096-4F07-9EC9-F8896CA4B264}.Release|Any CPU.ActiveCfg = Release|Any CPU
		{E08936E2-0096-4F07-9EC9-F8896CA4B264}.Release|Any CPU.Build.0 = Release|Any CPU
	EndGlobalSection
	GlobalSection(SolutionProperties) = preSolution
		HideSolutionNode = FALSE
	EndGlobalSection
	GlobalSection(NestedProjects) = preSolution
		{2B7783FC-540D-4E7F-808E-786A608641D9} = {63ADF666-E786-479C-868A-3D9C86655C32}
		{D693F7E7-D7C3-44CA-8CCA-EAC9D54ACADD} = {A72EC130-DFF7-46EC-9BE9-E6F76C4804C6}
		{F4130DAD-7FA4-458E-803B-2FB9A8F6E2C3} = {2B7783FC-540D-4E7F-808E-786A608641D9}
		{1D0B678A-E5D4-4E4A-B7C8-6DA7A0071744} = {2B7783FC-540D-4E7F-808E-786A608641D9}
		{1F0F636F-DBC6-4A7B-972A-FAAF22CB63E6} = {2B7783FC-540D-4E7F-808E-786A608641D9}
		{73DBFAA8-FFF0-4D03-B212-0CD40F240235} = {2B7783FC-540D-4E7F-808E-786A608641D9}
		{4DDE3344-A957-4330-B3AB-3203C4B1EF8C} = {D693F7E7-D7C3-44CA-8CCA-EAC9D54ACADD}
		{BDDC8762-5A2E-46B2-B4AA-BA587595C20E} = {D693F7E7-D7C3-44CA-8CCA-EAC9D54ACADD}
		{E356CA5F-8359-41A1-A121-64B246FE56C0} = {D693F7E7-D7C3-44CA-8CCA-EAC9D54ACADD}
		{D40C7CBB-CFCF-48D4-8470-A6441C67C672} = {D693F7E7-D7C3-44CA-8CCA-EAC9D54ACADD}
		{7F78543B-53FB-4A1C-BBBA-019BA469DDE9} = {D693F7E7-D7C3-44CA-8CCA-EAC9D54ACADD}
		{F9FBBE42-D875-4CC6-8A6A-E90F322E839B} = {D693F7E7-D7C3-44CA-8CCA-EAC9D54ACADD}
		{54B0AB27-5638-4C20-A100-E2E3729247CB} = {D693F7E7-D7C3-44CA-8CCA-EAC9D54ACADD}
		{E08936E2-0096-4F07-9EC9-F8896CA4B264} = {D693F7E7-D7C3-44CA-8CCA-EAC9D54ACADD}
	EndGlobalSection
	GlobalSection(ExtensibilityGlobals) = postSolution
		SolutionGuid = {77EC0E11-B66D-43EE-A234-CFEB45C0004C}
	EndGlobalSection
EndGlobal
