
Microsoft Visual Studio Solution File, Format Version 12.00
# Visual Studio Version 17
VisualStudioVersion = 17.2.32516.85
MinimumVisualStudioVersion = 15.0.26124.0
Project("{E53339B2-1760-4266-BCC7-CA923CBCF16C}") = "docker-compose", "docker-compose.dcproj", "{F817047F-018D-4F93-BDA5-58602073B634}"
EndProject
Project("{2150E333-8FDC-42A3-9474-1A3956D46DE8}") = "src", "src", "{6A68B75D-FAAB-4100-837D-30199A9A0A68}"
EndProject
Project("{9A19103F-16F7-4668-BE54-9A1E7A4F7556}") = "CodeChallenge.Auth.Admin", "src\CodeChallenge.Auth.Admin\CodeChallenge.Auth.Admin.csproj", "{1E8F4D15-3C70-49C4-850A-850135BEE61F}"
EndProject
Project("{9A19103F-16F7-4668-BE54-9A1E7A4F7556}") = "CodeChallenge.Auth.STS.Identity", "src\CodeChallenge.Auth.STS.Identity\CodeChallenge.Auth.STS.Identity.csproj", "{F3D15B30-F866-4560-8637-8A5B8A0A78F1}"
EndProject
Project("{9A19103F-16F7-4668-BE54-9A1E7A4F7556}") = "CodeChallenge.Auth.Admin.Api", "src\CodeChallenge.Auth.Admin.Api\CodeChallenge.Auth.Admin.Api.csproj", "{9BAD4750-4B2F-427F-9DB3-67CAED8818FA}"
EndProject
Project("{9A19103F-16F7-4668-BE54-9A1E7A4F7556}") = "CodeChallenge.Auth.Admin.EntityFramework.Shared", "src\CodeChallenge.Auth.Admin.EntityFramework.Shared\CodeChallenge.Auth.Admin.EntityFramework.Shared.csproj", "{FA9B05B8-48C5-471C-BC32-46CE76810724}"
EndProject
Project("{9A19103F-16F7-4668-BE54-9A1E7A4F7556}") = "CodeChallenge.Auth.Admin.EntityFramework.MySql", "src\CodeChallenge.Auth.Admin.EntityFramework.MySql\CodeChallenge.Auth.Admin.EntityFramework.MySql.csproj", "{74FF598C-E800-4F57-9E42-0AF5DCAF59B9}"
EndProject
Project("{9A19103F-16F7-4668-BE54-9A1E7A4F7556}") = "CodeChallenge.Auth.Admin.EntityFramework.PostgreSQL", "src\CodeChallenge.Auth.Admin.EntityFramework.PostgreSQL\CodeChallenge.Auth.Admin.EntityFramework.PostgreSQL.csproj", "{70DA51B2-648A-4DD4-8D91-38F2BF99D6F9}"
EndProject
Project("{9A19103F-16F7-4668-BE54-9A1E7A4F7556}") = "CodeChallenge.Auth.Admin.EntityFramework.SqlServer", "src\CodeChallenge.Auth.Admin.EntityFramework.SqlServer\CodeChallenge.Auth.Admin.EntityFramework.SqlServer.csproj", "{014DC4F6-600E-48B5-89CB-05D7361ABBFC}"
EndProject
Project("{9A19103F-16F7-4668-BE54-9A1E7A4F7556}") = "CodeChallenge.Auth.Shared", "src\CodeChallenge.Auth.Shared\CodeChallenge.Auth.Shared.csproj", "{F260249E-B121-48DF-89E7-40519D3ABCF1}"
EndProject
Project("{2150E333-8FDC-42A3-9474-1A3956D46DE8}") = "Solution Items", "Solution Items", "{BE97BB67-00EA-4FCA-AD6E-88E1A4C3EBAE}"
	ProjectSection(SolutionItems) = preProject
		.gitignore = .gitignore
	EndProjectSection
EndProject
Global
	GlobalSection(SolutionConfigurationPlatforms) = preSolution
		Debug|Any CPU = Debug|Any CPU
		Debug|x64 = Debug|x64
		Debug|x86 = Debug|x86
		Release|Any CPU = Release|Any CPU
		Release|x64 = Release|x64
		Release|x86 = Release|x86
	EndGlobalSection
	GlobalSection(ProjectConfigurationPlatforms) = postSolution
		{F817047F-018D-4F93-BDA5-58602073B634}.Debug|Any CPU.ActiveCfg = Debug|Any CPU
		{F817047F-018D-4F93-BDA5-58602073B634}.Debug|Any CPU.Build.0 = Debug|Any CPU
		{F817047F-018D-4F93-BDA5-58602073B634}.Debug|x64.ActiveCfg = Debug|Any CPU
		{F817047F-018D-4F93-BDA5-58602073B634}.Debug|x64.Build.0 = Debug|Any CPU
		{F817047F-018D-4F93-BDA5-58602073B634}.Debug|x86.ActiveCfg = Debug|Any CPU
		{F817047F-018D-4F93-BDA5-58602073B634}.Debug|x86.Build.0 = Debug|Any CPU
		{F817047F-018D-4F93-BDA5-58602073B634}.Release|Any CPU.ActiveCfg = Release|Any CPU
		{F817047F-018D-4F93-BDA5-58602073B634}.Release|Any CPU.Build.0 = Release|Any CPU
		{F817047F-018D-4F93-BDA5-58602073B634}.Release|x64.ActiveCfg = Release|Any CPU
		{F817047F-018D-4F93-BDA5-58602073B634}.Release|x64.Build.0 = Release|Any CPU
		{F817047F-018D-4F93-BDA5-58602073B634}.Release|x86.ActiveCfg = Release|Any CPU
		{F817047F-018D-4F93-BDA5-58602073B634}.Release|x86.Build.0 = Release|Any CPU
		{1E8F4D15-3C70-49C4-850A-850135BEE61F}.Debug|Any CPU.ActiveCfg = Debug|Any CPU
		{1E8F4D15-3C70-49C4-850A-850135BEE61F}.Debug|Any CPU.Build.0 = Debug|Any CPU
		{1E8F4D15-3C70-49C4-850A-850135BEE61F}.Debug|x64.ActiveCfg = Debug|Any CPU
		{1E8F4D15-3C70-49C4-850A-850135BEE61F}.Debug|x64.Build.0 = Debug|Any CPU
		{1E8F4D15-3C70-49C4-850A-850135BEE61F}.Debug|x86.ActiveCfg = Debug|Any CPU
		{1E8F4D15-3C70-49C4-850A-850135BEE61F}.Debug|x86.Build.0 = Debug|Any CPU
		{1E8F4D15-3C70-49C4-850A-850135BEE61F}.Release|Any CPU.ActiveCfg = Release|Any CPU
		{1E8F4D15-3C70-49C4-850A-850135BEE61F}.Release|Any CPU.Build.0 = Release|Any CPU
		{1E8F4D15-3C70-49C4-850A-850135BEE61F}.Release|x64.ActiveCfg = Release|Any CPU
		{1E8F4D15-3C70-49C4-850A-850135BEE61F}.Release|x64.Build.0 = Release|Any CPU
		{1E8F4D15-3C70-49C4-850A-850135BEE61F}.Release|x86.ActiveCfg = Release|Any CPU
		{1E8F4D15-3C70-49C4-850A-850135BEE61F}.Release|x86.Build.0 = Release|Any CPU
		{F3D15B30-F866-4560-8637-8A5B8A0A78F1}.Debug|Any CPU.ActiveCfg = Debug|Any CPU
		{F3D15B30-F866-4560-8637-8A5B8A0A78F1}.Debug|Any CPU.Build.0 = Debug|Any CPU
		{F3D15B30-F866-4560-8637-8A5B8A0A78F1}.Debug|x64.ActiveCfg = Debug|Any CPU
		{F3D15B30-F866-4560-8637-8A5B8A0A78F1}.Debug|x64.Build.0 = Debug|Any CPU
		{F3D15B30-F866-4560-8637-8A5B8A0A78F1}.Debug|x86.ActiveCfg = Debug|Any CPU
		{F3D15B30-F866-4560-8637-8A5B8A0A78F1}.Debug|x86.Build.0 = Debug|Any CPU
		{F3D15B30-F866-4560-8637-8A5B8A0A78F1}.Release|Any CPU.ActiveCfg = Release|Any CPU
		{F3D15B30-F866-4560-8637-8A5B8A0A78F1}.Release|Any CPU.Build.0 = Release|Any CPU
		{F3D15B30-F866-4560-8637-8A5B8A0A78F1}.Release|x64.ActiveCfg = Release|Any CPU
		{F3D15B30-F866-4560-8637-8A5B8A0A78F1}.Release|x64.Build.0 = Release|Any CPU
		{F3D15B30-F866-4560-8637-8A5B8A0A78F1}.Release|x86.ActiveCfg = Release|Any CPU
		{F3D15B30-F866-4560-8637-8A5B8A0A78F1}.Release|x86.Build.0 = Release|Any CPU
		{9BAD4750-4B2F-427F-9DB3-67CAED8818FA}.Debug|Any CPU.ActiveCfg = Debug|Any CPU
		{9BAD4750-4B2F-427F-9DB3-67CAED8818FA}.Debug|Any CPU.Build.0 = Debug|Any CPU
		{9BAD4750-4B2F-427F-9DB3-67CAED8818FA}.Debug|x64.ActiveCfg = Debug|Any CPU
		{9BAD4750-4B2F-427F-9DB3-67CAED8818FA}.Debug|x64.Build.0 = Debug|Any CPU
		{9BAD4750-4B2F-427F-9DB3-67CAED8818FA}.Debug|x86.ActiveCfg = Debug|Any CPU
		{9BAD4750-4B2F-427F-9DB3-67CAED8818FA}.Debug|x86.Build.0 = Debug|Any CPU
		{9BAD4750-4B2F-427F-9DB3-67CAED8818FA}.Release|Any CPU.ActiveCfg = Release|Any CPU
		{9BAD4750-4B2F-427F-9DB3-67CAED8818FA}.Release|Any CPU.Build.0 = Release|Any CPU
		{9BAD4750-4B2F-427F-9DB3-67CAED8818FA}.Release|x64.ActiveCfg = Release|Any CPU
		{9BAD4750-4B2F-427F-9DB3-67CAED8818FA}.Release|x64.Build.0 = Release|Any CPU
		{9BAD4750-4B2F-427F-9DB3-67CAED8818FA}.Release|x86.ActiveCfg = Release|Any CPU
		{9BAD4750-4B2F-427F-9DB3-67CAED8818FA}.Release|x86.Build.0 = Release|Any CPU
		{FA9B05B8-48C5-471C-BC32-46CE76810724}.Debug|Any CPU.ActiveCfg = Debug|Any CPU
		{FA9B05B8-48C5-471C-BC32-46CE76810724}.Debug|Any CPU.Build.0 = Debug|Any CPU
		{FA9B05B8-48C5-471C-BC32-46CE76810724}.Debug|x64.ActiveCfg = Debug|Any CPU
		{FA9B05B8-48C5-471C-BC32-46CE76810724}.Debug|x64.Build.0 = Debug|Any CPU
		{FA9B05B8-48C5-471C-BC32-46CE76810724}.Debug|x86.ActiveCfg = Debug|Any CPU
		{FA9B05B8-48C5-471C-BC32-46CE76810724}.Debug|x86.Build.0 = Debug|Any CPU
		{FA9B05B8-48C5-471C-BC32-46CE76810724}.Release|Any CPU.ActiveCfg = Release|Any CPU
		{FA9B05B8-48C5-471C-BC32-46CE76810724}.Release|Any CPU.Build.0 = Release|Any CPU
		{FA9B05B8-48C5-471C-BC32-46CE76810724}.Release|x64.ActiveCfg = Release|Any CPU
		{FA9B05B8-48C5-471C-BC32-46CE76810724}.Release|x64.Build.0 = Release|Any CPU
		{FA9B05B8-48C5-471C-BC32-46CE76810724}.Release|x86.ActiveCfg = Release|Any CPU
		{FA9B05B8-48C5-471C-BC32-46CE76810724}.Release|x86.Build.0 = Release|Any CPU
		{74FF598C-E800-4F57-9E42-0AF5DCAF59B9}.Debug|Any CPU.ActiveCfg = Debug|Any CPU
		{74FF598C-E800-4F57-9E42-0AF5DCAF59B9}.Debug|Any CPU.Build.0 = Debug|Any CPU
		{74FF598C-E800-4F57-9E42-0AF5DCAF59B9}.Debug|x64.ActiveCfg = Debug|Any CPU
		{74FF598C-E800-4F57-9E42-0AF5DCAF59B9}.Debug|x64.Build.0 = Debug|Any CPU
		{74FF598C-E800-4F57-9E42-0AF5DCAF59B9}.Debug|x86.ActiveCfg = Debug|Any CPU
		{74FF598C-E800-4F57-9E42-0AF5DCAF59B9}.Debug|x86.Build.0 = Debug|Any CPU
		{74FF598C-E800-4F57-9E42-0AF5DCAF59B9}.Release|Any CPU.ActiveCfg = Release|Any CPU
		{74FF598C-E800-4F57-9E42-0AF5DCAF59B9}.Release|Any CPU.Build.0 = Release|Any CPU
		{74FF598C-E800-4F57-9E42-0AF5DCAF59B9}.Release|x64.ActiveCfg = Release|Any CPU
		{74FF598C-E800-4F57-9E42-0AF5DCAF59B9}.Release|x64.Build.0 = Release|Any CPU
		{74FF598C-E800-4F57-9E42-0AF5DCAF59B9}.Release|x86.ActiveCfg = Release|Any CPU
		{74FF598C-E800-4F57-9E42-0AF5DCAF59B9}.Release|x86.Build.0 = Release|Any CPU
		{70DA51B2-648A-4DD4-8D91-38F2BF99D6F9}.Debug|Any CPU.ActiveCfg = Debug|Any CPU
		{70DA51B2-648A-4DD4-8D91-38F2BF99D6F9}.Debug|Any CPU.Build.0 = Debug|Any CPU
		{70DA51B2-648A-4DD4-8D91-38F2BF99D6F9}.Debug|x64.ActiveCfg = Debug|Any CPU
		{70DA51B2-648A-4DD4-8D91-38F2BF99D6F9}.Debug|x64.Build.0 = Debug|Any CPU
		{70DA51B2-648A-4DD4-8D91-38F2BF99D6F9}.Debug|x86.ActiveCfg = Debug|Any CPU
		{70DA51B2-648A-4DD4-8D91-38F2BF99D6F9}.Debug|x86.Build.0 = Debug|Any CPU
		{70DA51B2-648A-4DD4-8D91-38F2BF99D6F9}.Release|Any CPU.ActiveCfg = Release|Any CPU
		{70DA51B2-648A-4DD4-8D91-38F2BF99D6F9}.Release|Any CPU.Build.0 = Release|Any CPU
		{70DA51B2-648A-4DD4-8D91-38F2BF99D6F9}.Release|x64.ActiveCfg = Release|Any CPU
		{70DA51B2-648A-4DD4-8D91-38F2BF99D6F9}.Release|x64.Build.0 = Release|Any CPU
		{70DA51B2-648A-4DD4-8D91-38F2BF99D6F9}.Release|x86.ActiveCfg = Release|Any CPU
		{70DA51B2-648A-4DD4-8D91-38F2BF99D6F9}.Release|x86.Build.0 = Release|Any CPU
		{014DC4F6-600E-48B5-89CB-05D7361ABBFC}.Debug|Any CPU.ActiveCfg = Debug|Any CPU
		{014DC4F6-600E-48B5-89CB-05D7361ABBFC}.Debug|Any CPU.Build.0 = Debug|Any CPU
		{014DC4F6-600E-48B5-89CB-05D7361ABBFC}.Debug|x64.ActiveCfg = Debug|Any CPU
		{014DC4F6-600E-48B5-89CB-05D7361ABBFC}.Debug|x64.Build.0 = Debug|Any CPU
		{014DC4F6-600E-48B5-89CB-05D7361ABBFC}.Debug|x86.ActiveCfg = Debug|Any CPU
		{014DC4F6-600E-48B5-89CB-05D7361ABBFC}.Debug|x86.Build.0 = Debug|Any CPU
		{014DC4F6-600E-48B5-89CB-05D7361ABBFC}.Release|Any CPU.ActiveCfg = Release|Any CPU
		{014DC4F6-600E-48B5-89CB-05D7361ABBFC}.Release|Any CPU.Build.0 = Release|Any CPU
		{014DC4F6-600E-48B5-89CB-05D7361ABBFC}.Release|x64.ActiveCfg = Release|Any CPU
		{014DC4F6-600E-48B5-89CB-05D7361ABBFC}.Release|x64.Build.0 = Release|Any CPU
		{014DC4F6-600E-48B5-89CB-05D7361ABBFC}.Release|x86.ActiveCfg = Release|Any CPU
		{014DC4F6-600E-48B5-89CB-05D7361ABBFC}.Release|x86.Build.0 = Release|Any CPU
		{F260249E-B121-48DF-89E7-40519D3ABCF1}.Debug|Any CPU.ActiveCfg = Debug|Any CPU
		{F260249E-B121-48DF-89E7-40519D3ABCF1}.Debug|Any CPU.Build.0 = Debug|Any CPU
		{F260249E-B121-48DF-89E7-40519D3ABCF1}.Debug|x64.ActiveCfg = Debug|Any CPU
		{F260249E-B121-48DF-89E7-40519D3ABCF1}.Debug|x64.Build.0 = Debug|Any CPU
		{F260249E-B121-48DF-89E7-40519D3ABCF1}.Debug|x86.ActiveCfg = Debug|Any CPU
		{F260249E-B121-48DF-89E7-40519D3ABCF1}.Debug|x86.Build.0 = Debug|Any CPU
		{F260249E-B121-48DF-89E7-40519D3ABCF1}.Release|Any CPU.ActiveCfg = Release|Any CPU
		{F260249E-B121-48DF-89E7-40519D3ABCF1}.Release|Any CPU.Build.0 = Release|Any CPU
		{F260249E-B121-48DF-89E7-40519D3ABCF1}.Release|x64.ActiveCfg = Release|Any CPU
		{F260249E-B121-48DF-89E7-40519D3ABCF1}.Release|x64.Build.0 = Release|Any CPU
		{F260249E-B121-48DF-89E7-40519D3ABCF1}.Release|x86.ActiveCfg = Release|Any CPU
		{F260249E-B121-48DF-89E7-40519D3ABCF1}.Release|x86.Build.0 = Release|Any CPU
	EndGlobalSection
	GlobalSection(SolutionProperties) = preSolution
		HideSolutionNode = FALSE
	EndGlobalSection
	GlobalSection(NestedProjects) = preSolution
		{1E8F4D15-3C70-49C4-850A-850135BEE61F} = {6A68B75D-FAAB-4100-837D-30199A9A0A68}
		{F3D15B30-F866-4560-8637-8A5B8A0A78F1} = {6A68B75D-FAAB-4100-837D-30199A9A0A68}
		{9BAD4750-4B2F-427F-9DB3-67CAED8818FA} = {6A68B75D-FAAB-4100-837D-30199A9A0A68}
		{FA9B05B8-48C5-471C-BC32-46CE76810724} = {6A68B75D-FAAB-4100-837D-30199A9A0A68}
		{74FF598C-E800-4F57-9E42-0AF5DCAF59B9} = {6A68B75D-FAAB-4100-837D-30199A9A0A68}
		{70DA51B2-648A-4DD4-8D91-38F2BF99D6F9} = {6A68B75D-FAAB-4100-837D-30199A9A0A68}
		{014DC4F6-600E-48B5-89CB-05D7361ABBFC} = {6A68B75D-FAAB-4100-837D-30199A9A0A68}
		{F260249E-B121-48DF-89E7-40519D3ABCF1} = {6A68B75D-FAAB-4100-837D-30199A9A0A68}
	EndGlobalSection
	GlobalSection(ExtensibilityGlobals) = postSolution
		SolutionGuid = {549F6BA2-7BF0-4104-9088-47D242078F31}
	EndGlobalSection
EndGlobal
